
Microsoft Visual Studio Solution File, Format Version 12.00
# Visual Studio 15
VisualStudioVersion = 15.0.28306.52
MinimumVisualStudioVersion = 10.0.40219.1
Project("{FAE04EC0-301F-11D3-BF4B-00C04F79EFBC}") = "Constructor", "Constructor\Constructor.csproj", "{68C92480-DAA6-4D1E-94C2-624085AB9CC3}"
EndProject
Global
	GlobalSection(SolutionConfigurationPlatforms) = preSolution
		Debug|Any CPU = Debug|Any CPU
		Release|Any CPU = Release|Any CPU
	EndGlobalSection
	GlobalSection(ProjectConfigurationPlatforms) = postSolution
		{68C92480-DAA6-4D1E-94C2-624085AB9CC3}.Debug|Any CPU.ActiveCfg = Debug|Any CPU
		{68C92480-DAA6-4D1E-94C2-624085AB9CC3}.Debug|Any CPU.Build.0 = Debug|Any CPU
		{68C92480-DAA6-4D1E-94C2-624085AB9CC3}.Release|Any CPU.ActiveCfg = Release|Any CPU
		{68C92480-DAA6-4D1E-94C2-624085AB9CC3}.Release|Any CPU.Build.0 = Release|Any CPU
	EndGlobalSection
	GlobalSection(SolutionProperties) = preSolution
		HideSolutionNode = FALSE
	EndGlobalSection
	GlobalSection(ExtensibilityGlobals) = postSolution
		SolutionGuid = {FC3FBC7F-83EB-4F62-82CE-A7C6DF8D1000}
	EndGlobalSection
EndGlobal
